// !$*UTF8*$!
{
	archiveVersion = 1;
	classes = {
	};
	objectVersion = 77;
	objects = {

/* Begin PBXContainerItemProxy section */
		B45711E92F199D60000EF355 /* PBXContainerItemProxy */ = {
			isa = PBXContainerItemProxy;
			containerPortal = B45711D12F199D5E000EF355 /* Project object */;
			proxyType = 1;
			remoteGlobalIDString = B45711D82F199D5E000EF355;
			remoteInfo = KB_Tracker;
		};
		B45711F32F199D60000EF355 /* PBXContainerItemProxy */ = {
			isa = PBXContainerItemProxy;
			containerPortal = B45711D12F199D5E000EF355 /* Project object */;
			proxyType = 1;
			remoteGlobalIDString = B45711D82F199D5E000EF355;
			remoteInfo = KB_Tracker;
		};
		CA0000AF2F199D60000EF311 /* PBXContainerItemProxy */ = {
			isa = PBXContainerItemProxy;
			containerPortal = B45711D12F199D5E000EF355 /* Project object */;
			proxyType = 1;
			remoteGlobalIDString = CA00006F2F199D60000EF311;
			remoteInfo = KB_TrackerWidget;
		};
/* End PBXContainerItemProxy section */

/* Begin PBXBuildFile section */
		CA0000DF2F199D60000EF311 /* KB_TrackerWidget.appex in Embed App Extensions */ = {isa = PBXBuildFile; fileRef = CA00001F2F199D60000EF311 /* KB_TrackerWidget.appex */; settings = {ATTRIBUTES = (RemoveHeadersOnCopy, ); }; };
/* End PBXBuildFile section */

/* Begin PBXCopyFilesBuildPhase section */
		CA0000CF2F199D60000EF311 /* Embed App Extensions */ = {
			isa = PBXCopyFilesBuildPhase;
			buildActionMask = 2147483647;
			dstPath = "";
			dstSubfolderSpec = 13;
			files = (
				CA0000DF2F199D60000EF311 /* KB_TrackerWidget.appex in Embed App Extensions */,
			);
			name = "Embed App Extensions";
			runOnlyForDeploymentPostprocessing = 0;
		};
/* End PBXCopyFilesBuildPhase section */

/* Begin PBXFileReference section */
		B45711D92F199D5E000EF355 /* KB_Tracker.app */ = {isa = PBXFileReference; explicitFileType = wrapper.application; includeInIndex = 0; path = KB_Tracker.app; sourceTree = BUILT_PRODUCTS_DIR; };
		B45711E82F199D60000EF355 /* KB_TrackerTests.xctest */ = {isa = PBXFileReference; explicitFileType = wrapper.cfbundle; includeInIndex = 0; path = KB_TrackerTests.xctest; sourceTree = BUILT_PRODUCTS_DIR; };
		B45711F22F199D60000EF355 /* KB_TrackerUITests.xctest */ = {isa = PBXFileReference; explicitFileType = wrapper.cfbundle; includeInIndex = 0; path = KB_TrackerUITests.xctest; sourceTree = BUILT_PRODUCTS_DIR; };
		CA00001F2F199D60000EF311 /* KB_TrackerWidget.appex */ = {isa = PBXFileReference; explicitFileType = "wrapper.app-extension"; includeInIndex = 0; path = KB_TrackerWidget.appex; sourceTree = BUILT_PRODUCTS_DIR; };
/* End PBXFileReference section */

/* Begin PBXFileSystemSynchronizedBuildFileExceptionSet section */
		B45711DB2F199D5F000EF356 /* Exceptions for "KB_Tracker" folder in "KB_Tracker" target */ = {
			isa = PBXFileSystemSynchronizedBuildFileExceptionSet;
			membershipExceptions = (
				App/PLAN.md,
				App/mvp_milestones.md,
				Components/PLAN.md,
				Components/mvp_milestones.md,
				Design/PLAN.md,
				Design/mvp_milestones.md,
				Extensions/PLAN.md,
				Extensions/mvp_milestones.md,
				Models/PLAN.md,
				Models/mvp_milestones.md,
				Resources/PLAN.md,
				Resources/mvp_milestones.md,
				Services/PLAN.md,
				Services/mvp_milestones.md,
				Utilities/PLAN.md,
				ViewModels/PLAN.md,
				ViewModels/mvp_milestones.md,
				Views/PLAN.md,
				Views/mvp_milestones.md,
			);
			target = B45711D82F199D5E000EF355 /* KB_Tracker */;
		};
/* End PBXFileSystemSynchronizedBuildFileExceptionSet section */

/* Begin PBXFileSystemSynchronizedRootGroup section */
		B45711DB2F199D5E000EF355 /* KB_Tracker */ = {
			isa = PBXFileSystemSynchronizedRootGroup;
			exceptions = (
				B45711DB2F199D5F000EF356 /* Exceptions for "KB_Tracker" folder in "KB_Tracker" target */,
			);
			path = KB_Tracker;
			sourceTree = "<group>";
		};
		B45711EB2F199D60000EF355 /* KB_TrackerTests */ = {
			isa = PBXFileSystemSynchronizedRootGroup;
			path = KB_TrackerTests;
			sourceTree = "<group>";
		};
		B45711F52F199D60000EF355 /* KB_TrackerUITests */ = {
			isa = PBXFileSystemSynchronizedRootGroup;
			path = KB_TrackerUITests;
			sourceTree = "<group>";
		};
		CA00002F2F199D60000EF311 /* KB_TrackerWidget */ = {
			isa = PBXFileSystemSynchronizedRootGroup;
			path = KB_TrackerWidget;
			sourceTree = "<group>";
		};
/* End PBXFileSystemSynchronizedRootGroup section */

/* Begin PBXFrameworksBuildPhase section */
		B45711D62F199D5E000EF355 /* Frameworks */ = {
			isa = PBXFrameworksBuildPhase;
			buildActionMask = 2147483647;
			files = (
			);
			runOnlyForDeploymentPostprocessing = 0;
		};
		B45711E52F199D60000EF355 /* Frameworks */ = {
			isa = PBXFrameworksBuildPhase;
			buildActionMask = 2147483647;
			files = (
			);
			runOnlyForDeploymentPostprocessing = 0;
		};
		B45711EF2F199D60000EF355 /* Frameworks */ = {
			isa = PBXFrameworksBuildPhase;
			buildActionMask = 2147483647;
			files = (
			);
			runOnlyForDeploymentPostprocessing = 0;
		};
		CA00004F2F199D60000EF311 /* Frameworks */ = {
			isa = PBXFrameworksBuildPhase;
			buildActionMask = 2147483647;
			files = (
			);
			runOnlyForDeploymentPostprocessing = 0;
		};
/* End PBXFrameworksBuildPhase section */

/* Begin PBXGroup section */
		B45711D02F199D5E000EF355 = {
			isa = PBXGroup;
			children = (
				B45711DB2F199D5E000EF355 /* KB_Tracker */,
				B45711EB2F199D60000EF355 /* KB_TrackerTests */,
				B45711F52F199D60000EF355 /* KB_TrackerUITests */,
				CA00002F2F199D60000EF311 /* KB_TrackerWidget */,
				B45711DA2F199D5E000EF355 /* Products */,
			);
			sourceTree = "<group>";
		};
		B45711DA2F199D5E000EF355 /* Products */ = {
			isa = PBXGroup;
			children = (
				B45711D92F199D5E000EF355 /* KB_Tracker.app */,
				B45711E82F199D60000EF355 /* KB_TrackerTests.xctest */,
				B45711F22F199D60000EF355 /* KB_TrackerUITests.xctest */,
				CA00001F2F199D60000EF311 /* KB_TrackerWidget.appex */,
			);
			name = Products;
			sourceTree = "<group>";
		};
/* End PBXGroup section */

/* Begin PBXNativeTarget section */
		B45711D82F199D5E000EF355 /* KB_Tracker */ = {
			isa = PBXNativeTarget;
			buildConfigurationList = B45711FC2F199D60000EF355 /* Build configuration list for PBXNativeTarget "KB_Tracker" */;
			buildPhases = (
				B45711D52F199D5E000EF355 /* Sources */,
				B45711D62F199D5E000EF355 /* Frameworks */,
				B45711D72F199D5E000EF355 /* Resources */,
				CA0000CF2F199D60000EF311 /* Embed App Extensions */,
			);
			buildRules = (
			);
			dependencies = (
				CA0000BF2F199D60000EF311 /* PBXTargetDependency */,
			);
			fileSystemSynchronizedGroups = (
				B45711DB2F199D5E000EF355 /* KB_Tracker */,
			);
			name = KB_Tracker;
			packageProductDependencies = (
			);
			productName = KB_Tracker;
			productReference = B45711D92F199D5E000EF355 /* KB_Tracker.app */;
			productType = "com.apple.product-type.application";
		};
		CA00006F2F199D60000EF311 /* KB_TrackerWidget */ = {
			isa = PBXNativeTarget;
			buildConfigurationList = CA00009F2F199D60000EF311 /* Build configuration list for PBXNativeTarget "KB_TrackerWidget" */;
			buildPhases = (
				CA00003F2F199D60000EF311 /* Sources */,
				CA00004F2F199D60000EF311 /* Frameworks */,
				CA00005F2F199D60000EF311 /* Resources */,
			);
			buildRules = (
			);
			dependencies = (
			);
			fileSystemSynchronizedGroups = (
				CA00002F2F199D60000EF311 /* KB_TrackerWidget */,
			);
			name = KB_TrackerWidget;
			packageProductDependencies = (
			);
			productName = KB_TrackerWidget;
			productReference = CA00001F2F199D60000EF311 /* KB_TrackerWidget.appex */;
			productType = "com.apple.product-type.app-extension";
		};
		B45711E72F199D60000EF355 /* KB_TrackerTests */ = {
			isa = PBXNativeTarget;
			buildConfigurationList = B45711FF2F199D60000EF355 /* Build configuration list for PBXNativeTarget "KB_TrackerTests" */;
			buildPhases = (
				B45711E42F199D60000EF355 /* Sources */,
				B45711E52F199D60000EF355 /* Frameworks */,
				B45711E62F199D60000EF355 /* Resources */,
			);
			buildRules = (
			);
			dependencies = (
				B45711EA2F199D60000EF355 /* PBXTargetDependency */,
			);
			fileSystemSynchronizedGroups = (
				B45711EB2F199D60000EF355 /* KB_TrackerTests */,
			);
			name = KB_TrackerTests;
			packageProductDependencies = (
			);
			productName = KB_TrackerTests;
			productReference = B45711E82F199D60000EF355 /* KB_TrackerTests.xctest */;
			productType = "com.apple.product-type.bundle.unit-test";
		};
		B45711F12F199D60000EF355 /* KB_TrackerUITests */ = {
			isa = PBXNativeTarget;
			buildConfigurationList = B45712022F199D60000EF355 /* Build configuration list for PBXNativeTarget "KB_TrackerUITests" */;
			buildPhases = (
				B45711EE2F199D60000EF355 /* Sources */,
				B45711EF2F199D60000EF355 /* Frameworks */,
				B45711F02F199D60000EF355 /* Resources */,
			);
			buildRules = (
			);
			dependencies = (
				B45711F42F199D60000EF355 /* PBXTargetDependency */,
			);
			fileSystemSynchronizedGroups = (
				B45711F52F199D60000EF355 /* KB_TrackerUITests */,
			);
			name = KB_TrackerUITests;
			packageProductDependencies = (
			);
			productName = KB_TrackerUITests;
			productReference = B45711F22F199D60000EF355 /* KB_TrackerUITests.xctest */;
			productType = "com.apple.product-type.bundle.ui-testing";
		};
/* End PBXNativeTarget section */

/* Begin PBXProject section */
		B45711D12F199D5E000EF355 /* Project object */ = {
			isa = PBXProject;
			attributes = {
				BuildIndependentTargetsInParallel = 1;
				LastSwiftUpdateCheck = 2620;
				LastUpgradeCheck = 2620;
				TargetAttributes = {
					B45711D82F199D5E000EF355 = {
						CreatedOnToolsVersion = 26.2;
					};
					B45711E72F199D60000EF355 = {
						CreatedOnToolsVersion = 26.2;
						TestTargetID = B45711D82F199D5E000EF355;
					};
					B45711F12F199D60000EF355 = {
						CreatedOnToolsVersion = 26.2;
						TestTargetID = B45711D82F199D5E000EF355;
					};
					CA00006F2F199D60000EF311 = {
						CreatedOnToolsVersion = 26.2;
					};
				};
			};
			buildConfigurationList = B45711D42F199D5E000EF355 /* Build configuration list for PBXProject "KB_Tracker" */;
			developmentRegion = en;
			hasScannedForEncodings = 0;
			knownRegions = (
				en,
				Base,
			);
			mainGroup = B45711D02F199D5E000EF355;
			minimizedProjectReferenceProxies = 1;
			preferredProjectObjectVersion = 77;
			productRefGroup = B45711DA2F199D5E000EF355 /* Products */;
			projectDirPath = "";
			projectRoot = "";
			targets = (
				B45711D82F199D5E000EF355 /* KB_Tracker */,
				B45711E72F199D60000EF355 /* KB_TrackerTests */,
				B45711F12F199D60000EF355 /* KB_TrackerUITests */,
				CA00006F2F199D60000EF311 /* KB_TrackerWidget */,
			);
		};
/* End PBXProject section */

/* Begin PBXResourcesBuildPhase section */
		CA00005F2F199D60000EF311 /* Resources */ = {
			isa = PBXResourcesBuildPhase;
			buildActionMask = 2147483647;
			files = (
			);
			runOnlyForDeploymentPostprocessing = 0;
		};
		B45711D72F199D5E000EF355 /* Resources */ = {
			isa = PBXResourcesBuildPhase;
			buildActionMask = 2147483647;
			files = (
			);
			runOnlyForDeploymentPostprocessing = 0;
		};
		B45711E62F199D60000EF355 /* Resources */ = {
			isa = PBXResourcesBuildPhase;
			buildActionMask = 2147483647;
			files = (
			);
			runOnlyForDeploymentPostprocessing = 0;
		};
		B45711F02F199D60000EF355 /* Resources */ = {
			isa = PBXResourcesBuildPhase;
			buildActionMask = 2147483647;
			files = (
			);
			runOnlyForDeploymentPostprocessing = 0;
		};
/* End PBXResourcesBuildPhase section */

/* Begin PBXSourcesBuildPhase section */
		CA00003F2F199D60000EF311 /* Sources */ = {
			isa = PBXSourcesBuildPhase;
			buildActionMask = 2147483647;
			files = (
			);
			runOnlyForDeploymentPostprocessing = 0;
		};
		B45711D52F199D5E000EF355 /* Sources */ = {
			isa = PBXSourcesBuildPhase;
			buildActionMask = 2147483647;
			files = (
			);
			runOnlyForDeploymentPostprocessing = 0;
		};
		B45711E42F199D60000EF355 /* Sources */ = {
			isa = PBXSourcesBuildPhase;
			buildActionMask = 2147483647;
			files = (
			);
			runOnlyForDeploymentPostprocessing = 0;
		};
		B45711EE2F199D60000EF355 /* Sources */ = {
			isa = PBXSourcesBuildPhase;
			buildActionMask = 2147483647;
			files = (
			);
			runOnlyForDeploymentPostprocessing = 0;
		};
/* End PBXSourcesBuildPhase section */

/* Begin PBXTargetDependency section */
		B45711EA2F199D60000EF355 /* PBXTargetDependency */ = {
			isa = PBXTargetDependency;
			target = B45711D82F199D5E000EF355 /* KB_Tracker */;
			targetProxy = B45711E92F199D60000EF355 /* PBXContainerItemProxy */;
		};
		B45711F42F199D60000EF355 /* PBXTargetDependency */ = {
			isa = PBXTargetDependency;
			target = B45711D82F199D5E000EF355 /* KB_Tracker */;
			targetProxy = B45711F32F199D60000EF355 /* PBXContainerItemProxy */;
		};
		CA0000BF2F199D60000EF311 /* PBXTargetDependency */ = {
			isa = PBXTargetDependency;
			target = CA00006F2F199D60000EF311 /* KB_TrackerWidget */;
			targetProxy = CA0000AF2F199D60000EF311 /* PBXContainerItemProxy */;
		};
/* End PBXTargetDependency section */

/* Begin XCBuildConfiguration section */
		B45711FA2F199D60000EF355 /* Debug */ = {
			isa = XCBuildConfiguration;
			buildSettings = {
				ALWAYS_SEARCH_USER_PATHS = NO;
				ASSETCATALOG_COMPILER_GENERATE_SWIFT_ASSET_SYMBOL_EXTENSIONS = YES;
				CLANG_ANALYZER_NONNULL = YES;
				CLANG_ANALYZER_NUMBER_OBJECT_CONVERSION = YES_AGGRESSIVE;
				CLANG_CXX_LANGUAGE_STANDARD = "gnu++20";
				CLANG_ENABLE_MODULES = YES;
				CLANG_ENABLE_OBJC_ARC = YES;
				CLANG_ENABLE_OBJC_WEAK = YES;
				CLANG_WARN_BLOCK_CAPTURE_AUTORELEASING = YES;
				CLANG_WARN_BOOL_CONVERSION = YES;
				CLANG_WARN_COMMA = YES;
				CLANG_WARN_CONSTANT_CONVERSION = YES;
				CLANG_WARN_DEPRECATED_OBJC_IMPLEMENTATIONS = YES;
				CLANG_WARN_DIRECT_OBJC_ISA_USAGE = YES_ERROR;
				CLANG_WARN_DOCUMENTATION_COMMENTS = YES;
				CLANG_WARN_EMPTY_BODY = YES;
				CLANG_WARN_ENUM_CONVERSION = YES;
				CLANG_WARN_INFINITE_RECURSION = YES;
				CLANG_WARN_INT_CONVERSION = YES;
				CLANG_WARN_NON_LITERAL_NULL_CONVERSION = YES;
				CLANG_WARN_OBJC_IMPLICIT_RETAIN_SELF = YES;
				CLANG_WARN_OBJC_LITERAL_CONVERSION = YES;
				CLANG_WARN_OBJC_ROOT_CLASS = YES_ERROR;
				CLANG_WARN_QUOTED_INCLUDE_IN_FRAMEWORK_HEADER = YES;
				CLANG_WARN_RANGE_LOOP_ANALYSIS = YES;
				CLANG_WARN_STRICT_PROTOTYPES = YES;
				CLANG_WARN_SUSPICIOUS_MOVE = YES;
				CLANG_WARN_UNGUARDED_AVAILABILITY = YES_AGGRESSIVE;
				CLANG_WARN_UNREACHABLE_CODE = YES;
				CLANG_WARN__DUPLICATE_METHOD_MATCH = YES;
				COPY_PHASE_STRIP = NO;
				DEBUG_INFORMATION_FORMAT = dwarf;
				DEVELOPMENT_TEAM = YTNAUPU6L9;
				ENABLE_STRICT_OBJC_MSGSEND = YES;
				ENABLE_TESTABILITY = YES;
				ENABLE_USER_SCRIPT_SANDBOXING = YES;
				GCC_C_LANGUAGE_STANDARD = gnu17;
				GCC_DYNAMIC_NO_PIC = NO;
				GCC_NO_COMMON_BLOCKS = YES;
				GCC_OPTIMIZATION_LEVEL = 0;
				GCC_PREPROCESSOR_DEFINITIONS = (
					"DEBUG=1",
					"$(inherited)",
				);
				GCC_WARN_64_TO_32_BIT_CONVERSION = YES;
				GCC_WARN_ABOUT_RETURN_TYPE = YES_ERROR;
				GCC_WARN_UNDECLARED_SELECTOR = YES;
				GCC_WARN_UNINITIALIZED_AUTOS = YES_AGGRESSIVE;
				GCC_WARN_UNUSED_FUNCTION = YES;
				GCC_WARN_UNUSED_VARIABLE = YES;
				IPHONEOS_DEPLOYMENT_TARGET = 26.2;
				LOCALIZATION_PREFERS_STRING_CATALOGS = YES;
				MTL_ENABLE_DEBUG_INFO = INCLUDE_SOURCE;
				MTL_FAST_MATH = YES;
				ONLY_ACTIVE_ARCH = YES;
				SDKROOT = iphoneos;
				SWIFT_ACTIVE_COMPILATION_CONDITIONS = "DEBUG $(inherited)";
				SWIFT_OPTIMIZATION_LEVEL = "-Onone";
			};
			name = Debug;
		};
		B45711FB2F199D60000EF355 /* Release */ = {
			isa = XCBuildConfiguration;
			buildSettings = {
				ALWAYS_SEARCH_USER_PATHS = NO;
				ASSETCATALOG_COMPILER_GENERATE_SWIFT_ASSET_SYMBOL_EXTENSIONS = YES;
				CLANG_ANALYZER_NONNULL = YES;
				CLANG_ANALYZER_NUMBER_OBJECT_CONVERSION = YES_AGGRESSIVE;
				CLANG_CXX_LANGUAGE_STANDARD = "gnu++20";
				CLANG_ENABLE_MODULES = YES;
				CLANG_ENABLE_OBJC_ARC = YES;
				CLANG_ENABLE_OBJC_WEAK = YES;
				CLANG_WARN_BLOCK_CAPTURE_AUTORELEASING = YES;
				CLANG_WARN_BOOL_CONVERSION = YES;
				CLANG_WARN_COMMA = YES;
				CLANG_WARN_CONSTANT_CONVERSION = YES;
				CLANG_WARN_DEPRECATED_OBJC_IMPLEMENTATIONS = YES;
				CLANG_WARN_DIRECT_OBJC_ISA_USAGE = YES_ERROR;
				CLANG_WARN_DOCUMENTATION_COMMENTS = YES;
				CLANG_WARN_EMPTY_BODY = YES;
				CLANG_WARN_ENUM_CONVERSION = YES;
				CLANG_WARN_INFINITE_RECURSION = YES;
				CLANG_WARN_INT_CONVERSION = YES;
				CLANG_WARN_NON_LITERAL_NULL_CONVERSION = YES;
				CLANG_WARN_OBJC_IMPLICIT_RETAIN_SELF = YES;
				CLANG_WARN_OBJC_LITERAL_CONVERSION = YES;
				CLANG_WARN_OBJC_ROOT_CLASS = YES_ERROR;
				CLANG_WARN_QUOTED_INCLUDE_IN_FRAMEWORK_HEADER = YES;
				CLANG_WARN_RANGE_LOOP_ANALYSIS = YES;
				CLANG_WARN_STRICT_PROTOTYPES = YES;
				CLANG_WARN_SUSPICIOUS_MOVE = YES;
				CLANG_WARN_UNGUARDED_AVAILABILITY = YES_AGGRESSIVE;
				CLANG_WARN_UNREACHABLE_CODE = YES;
				CLANG_WARN__DUPLICATE_METHOD_MATCH = YES;
				COPY_PHASE_STRIP = NO;
				DEBUG_INFORMATION_FORMAT = "dwarf-with-dsym";
				DEVELOPMENT_TEAM = YTNAUPU6L9;
				ENABLE_NS_ASSERTIONS = NO;
				ENABLE_STRICT_OBJC_MSGSEND = YES;
				ENABLE_USER_SCRIPT_SANDBOXING = YES;
				GCC_C_LANGUAGE_STANDARD = gnu17;
				GCC_NO_COMMON_BLOCKS = YES;
				GCC_WARN_64_TO_32_BIT_CONVERSION = YES;
				GCC_WARN_ABOUT_RETURN_TYPE = YES_ERROR;
				GCC_WARN_UNDECLARED_SELECTOR = YES;
				GCC_WARN_UNINITIALIZED_AUTOS = YES_AGGRESSIVE;
				GCC_WARN_UNUSED_FUNCTION = YES;
				GCC_WARN_UNUSED_VARIABLE = YES;
				IPHONEOS_DEPLOYMENT_TARGET = 26.2;
				LOCALIZATION_PREFERS_STRING_CATALOGS = YES;
				MTL_ENABLE_DEBUG_INFO = NO;
				MTL_FAST_MATH = YES;
				SDKROOT = iphoneos;
				SWIFT_COMPILATION_MODE = wholemodule;
				VALIDATE_PRODUCT = YES;
			};
			name = Release;
		};
		B45711FD2F199D60000EF355 /* Debug */ = {
			isa = XCBuildConfiguration;
			buildSettings = {
				ASSETCATALOG_COMPILER_APPICON_NAME = AppIcon;
				ASSETCATALOG_COMPILER_GLOBAL_ACCENT_COLOR_NAME = AccentColor;
				CODE_SIGN_ENTITLEMENTS = "KB_Tracker/KB_Tracker.entitlements";
				CODE_SIGN_STYLE = Automatic;
				CURRENT_PROJECT_VERSION = 1;
				DEVELOPMENT_TEAM = YTNAUPU6L9;
				ENABLE_PREVIEWS = YES;
				GENERATE_INFOPLIST_FILE = YES;
				INFOPLIST_KEY_NSHealthShareUsageDescription = "KB Tracker saves completed kettlebell workouts to Apple Health.";
				INFOPLIST_KEY_NSHealthUpdateUsageDescription = "KB Tracker saves completed kettlebell workouts to Apple Health.";
				INFOPLIST_KEY_NSSupportsLiveActivities = YES;
				INFOPLIST_KEY_UIApplicationSceneManifest_Generation = YES;
				INFOPLIST_KEY_UIApplicationSupportsIndirectInputEvents = YES;
				INFOPLIST_KEY_UILaunchScreen_Generation = YES;
				INFOPLIST_KEY_UISupportedInterfaceOrientations_iPad = "UIInterfaceOrientationPortrait UIInterfaceOrientationPortraitUpsideDown UIInterfaceOrientationLandscapeLeft UIInterfaceOrientationLandscapeRight";
				INFOPLIST_KEY_UISupportedInterfaceOrientations_iPhone = "UIInterfaceOrientationPortrait UIInterfaceOrientationLandscapeLeft UIInterfaceOrientationLandscapeRight";
				LD_RUNPATH_SEARCH_PATHS = (
					"$(inherited)",
					"@executable_path/Frameworks",
				);
				MARKETING_VERSION = 1.0;
				PRODUCT_BUNDLE_IDENTIFIER = "aniche-studios.KB-Tracker";
				PRODUCT_NAME = "$(TARGET_NAME)";
				STRING_CATALOG_GENERATE_SYMBOLS = YES;
				SWIFT_APPROACHABLE_CONCURRENCY = YES;
				SWIFT_DEFAULT_ACTOR_ISOLATION = MainActor;
				SWIFT_EMIT_LOC_STRINGS = YES;
				SWIFT_UPCOMING_FEATURE_MEMBER_IMPORT_VISIBILITY = YES;
				SWIFT_VERSION = 5.0;
				TARGETED_DEVICE_FAMILY = "1,2";
			};
			name = Debug;
		};
		B45711FE2F199D60000EF355 /* Release */ = {
			isa = XCBuildConfiguration;
			buildSettings = {
				ASSETCATALOG_COMPILER_APPICON_NAME = AppIcon;
				ASSETCATALOG_COMPILER_GLOBAL_ACCENT_COLOR_NAME = AccentColor;
				CODE_SIGN_ENTITLEMENTS = "KB_Tracker/KB_Tracker.entitlements";
				CODE_SIGN_STYLE = Automatic;
				CURRENT_PROJECT_VERSION = 1;
				DEVELOPMENT_TEAM = YTNAUPU6L9;
				ENABLE_PREVIEWS = YES;
				GENERATE_INFOPLIST_FILE = YES;
				INFOPLIST_KEY_NSHealthShareUsageDescription = "KB Tracker saves completed kettlebell workouts to Apple Health.";
				INFOPLIST_KEY_NSHealthUpdateUsageDescription = "KB Tracker saves completed kettlebell workouts to Apple Health.";
				INFOPLIST_KEY_NSSupportsLiveActivities = YES;
				INFOPLIST_KEY_UIApplicationSceneManifest_Generation = YES;
				INFOPLIST_KEY_UIApplicationSupportsIndirectInputEvents = YES;
				INFOPLIST_KEY_UILaunchScreen_Generation = YES;
				INFOPLIST_KEY_UISupportedInterfaceOrientations_iPad = "UIInterfaceOrientationPortrait UIInterfaceOrientationPortraitUpsideDown UIInterfaceOrientationLandscapeLeft UIInterfaceOrientationLandscapeRight";
				INFOPLIST_KEY_UISupportedInterfaceOrientations_iPhone = "UIInterfaceOrientationPortrait UIInterfaceOrientationLandscapeLeft UIInterfaceOrientationLandscapeRight";
				LD_RUNPATH_SEARCH_PATHS = (
					"$(inherited)",
					"@executable_path/Frameworks",
				);
				MARKETING_VERSION = 1.0;
				PRODUCT_BUNDLE_IDENTIFIER = "aniche-studios.KB-Tracker";
				PRODUCT_NAME = "$(TARGET_NAME)";
				STRING_CATALOG_GENERATE_SYMBOLS = YES;
				SWIFT_APPROACHABLE_CONCURRENCY = YES;
				SWIFT_DEFAULT_ACTOR_ISOLATION = MainActor;
				SWIFT_EMIT_LOC_STRINGS = YES;
				SWIFT_UPCOMING_FEATURE_MEMBER_IMPORT_VISIBILITY = YES;
				SWIFT_VERSION = 5.0;
				TARGETED_DEVICE_FAMILY = "1,2";
			};
			name = Release;
		};
		B45712002F199D60000EF355 /* Debug */ = {
			isa = XCBuildConfiguration;
			buildSettings = {
				BUNDLE_LOADER = "$(TEST_HOST)";
				CODE_SIGN_STYLE = Automatic;
				CURRENT_PROJECT_VERSION = 1;
				DEVELOPMENT_TEAM = YTNAUPU6L9;
				GENERATE_INFOPLIST_FILE = YES;
				IPHONEOS_DEPLOYMENT_TARGET = 26.2;
				MARKETING_VERSION = 1.0;
				PRODUCT_BUNDLE_IDENTIFIER = "aniche-studios.KB-TrackerTests";
				PRODUCT_NAME = "$(TARGET_NAME)";
				STRING_CATALOG_GENERATE_SYMBOLS = NO;
				SWIFT_APPROACHABLE_CONCURRENCY = YES;
				SWIFT_EMIT_LOC_STRINGS = NO;
				SWIFT_UPCOMING_FEATURE_MEMBER_IMPORT_VISIBILITY = YES;
				SWIFT_VERSION = 5.0;
				TARGETED_DEVICE_FAMILY = "1,2";
				TEST_HOST = "$(BUILT_PRODUCTS_DIR)/KB_Tracker.app/$(BUNDLE_EXECUTABLE_FOLDER_PATH)/KB_Tracker";
			};
			name = Debug;
		};
		B45712012F199D60000EF355 /* Release */ = {
			isa = XCBuildConfiguration;
			buildSettings = {
				BUNDLE_LOADER = "$(TEST_HOST)";
				CODE_SIGN_STYLE = Automatic;
				CURRENT_PROJECT_VERSION = 1;
				DEVELOPMENT_TEAM = YTNAUPU6L9;
				GENERATE_INFOPLIST_FILE = YES;
				IPHONEOS_DEPLOYMENT_TARGET = 26.2;
				MARKETING_VERSION = 1.0;
				PRODUCT_BUNDLE_IDENTIFIER = "aniche-studios.KB-TrackerTests";
				PRODUCT_NAME = "$(TARGET_NAME)";
				STRING_CATALOG_GENERATE_SYMBOLS = NO;
				SWIFT_APPROACHABLE_CONCURRENCY = YES;
				SWIFT_EMIT_LOC_STRINGS = NO;
				SWIFT_UPCOMING_FEATURE_MEMBER_IMPORT_VISIBILITY = YES;
				SWIFT_VERSION = 5.0;
				TARGETED_DEVICE_FAMILY = "1,2";
				TEST_HOST = "$(BUILT_PRODUCTS_DIR)/KB_Tracker.app/$(BUNDLE_EXECUTABLE_FOLDER_PATH)/KB_Tracker";
			};
			name = Release;
		};
		B45712032F199D60000EF355 /* Debug */ = {
			isa = XCBuildConfiguration;
			buildSettings = {
				CODE_SIGN_STYLE = Automatic;
				CURRENT_PROJECT_VERSION = 1;
				DEVELOPMENT_TEAM = YTNAUPU6L9;
				GENERATE_INFOPLIST_FILE = YES;
				MARKETING_VERSION = 1.0;
				PRODUCT_BUNDLE_IDENTIFIER = "aniche-studios.KB-TrackerUITests";
				PRODUCT_NAME = "$(TARGET_NAME)";
				STRING_CATALOG_GENERATE_SYMBOLS = NO;
				SWIFT_APPROACHABLE_CONCURRENCY = YES;
				SWIFT_EMIT_LOC_STRINGS = NO;
				SWIFT_UPCOMING_FEATURE_MEMBER_IMPORT_VISIBILITY = YES;
				SWIFT_VERSION = 5.0;
				TARGETED_DEVICE_FAMILY = "1,2";
				TEST_TARGET_NAME = KB_Tracker;
			};
			name = Debug;
		};
		B45712042F199D60000EF355 /* Release */ = {
			isa = XCBuildConfiguration;
			buildSettings = {
				CODE_SIGN_STYLE = Automatic;
				CURRENT_PROJECT_VERSION = 1;
				DEVELOPMENT_TEAM = YTNAUPU6L9;
				GENERATE_INFOPLIST_FILE = YES;
				MARKETING_VERSION = 1.0;
				PRODUCT_BUNDLE_IDENTIFIER = "aniche-studios.KB-TrackerUITests";
				PRODUCT_NAME = "$(TARGET_NAME)";
				STRING_CATALOG_GENERATE_SYMBOLS = NO;
				SWIFT_APPROACHABLE_CONCURRENCY = YES;
				SWIFT_EMIT_LOC_STRINGS = NO;
				SWIFT_UPCOMING_FEATURE_MEMBER_IMPORT_VISIBILITY = YES;
				SWIFT_VERSION = 5.0;
				TARGETED_DEVICE_FAMILY = "1,2";
				TEST_TARGET_NAME = KB_Tracker;
			};
			name = Release;
		};
		CA00007F2F199D60000EF311 /* Debug */ = {
			isa = XCBuildConfiguration;
			buildSettings = {
				CODE_SIGN_ENTITLEMENTS = "KB_TrackerWidget/KB_TrackerWidget.entitlements";
				CODE_SIGN_STYLE = Automatic;
				CURRENT_PROJECT_VERSION = 1;
				DEVELOPMENT_TEAM = YTNAUPU6L9;
				GENERATE_INFOPLIST_FILE = YES;
				INFOPLIST_KEY_CFBundleDisplayName = "KB Tracker";
				INFOPLIST_KEY_NSExtensionPointIdentifier = "com.apple.widgetkit-extension";
				IPHONEOS_DEPLOYMENT_TARGET = 26.2;
				MARKETING_VERSION = 1.0;
				PRODUCT_BUNDLE_IDENTIFIER = "aniche-studios.KB-Tracker.KB-TrackerWidget";
				PRODUCT_NAME = "$(TARGET_NAME)";
				SKIP_INSTALL = YES;
				SWIFT_EMIT_LOC_STRINGS = YES;
				SWIFT_VERSION = 5.0;
				TARGETED_DEVICE_FAMILY = "1,2";
			};
			name = Debug;
		};
		CA00008F2F199D60000EF311 /* Release */ = {
			isa = XCBuildConfiguration;
			buildSettings = {
				CODE_SIGN_ENTITLEMENTS = "KB_TrackerWidget/KB_TrackerWidget.entitlements";
				CODE_SIGN_STYLE = Automatic;
				CURRENT_PROJECT_VERSION = 1;
				DEVELOPMENT_TEAM = YTNAUPU6L9;
				GENERATE_INFOPLIST_FILE = YES;
				INFOPLIST_KEY_CFBundleDisplayName = "KB Tracker";
				INFOPLIST_KEY_NSExtensionPointIdentifier = "com.apple.widgetkit-extension";
				IPHONEOS_DEPLOYMENT_TARGET = 26.2;
				MARKETING_VERSION = 1.0;
				PRODUCT_BUNDLE_IDENTIFIER = "aniche-studios.KB-Tracker.KB-TrackerWidget";
				PRODUCT_NAME = "$(TARGET_NAME)";
				SKIP_INSTALL = YES;
				SWIFT_EMIT_LOC_STRINGS = YES;
				SWIFT_VERSION = 5.0;
				TARGETED_DEVICE_FAMILY = "1,2";
			};
			name = Release;
		};
/* End XCBuildConfiguration section */

/* Begin XCConfigurationList section */
		B45711D42F199D5E000EF355 /* Build configuration list for PBXProject "KB_Tracker" */ = {
			isa = XCConfigurationList;
			buildConfigurations = (
				B45711FA2F199D60000EF355 /* Debug */,
				B45711FB2F199D60000EF355 /* Release */,
			);
			defaultConfigurationIsVisible = 0;
			defaultConfigurationName = Release;
		};
		B45711FC2F199D60000EF355 /* Build configuration list for PBXNativeTarget "KB_Tracker" */ = {
			isa = XCConfigurationList;
			buildConfigurations = (
				B45711FD2F199D60000EF355 /* Debug */,
				B45711FE2F199D60000EF355 /* Release */,
			);
			defaultConfigurationIsVisible = 0;
			defaultConfigurationName = Release;
		};
		B45711FF2F199D60000EF355 /* Build configuration list for PBXNativeTarget "KB_TrackerTests" */ = {
			isa = XCConfigurationList;
			buildConfigurations = (
				B45712002F199D60000EF355 /* Debug */,
				B45712012F199D60000EF355 /* Release */,
			);
			defaultConfigurationIsVisible = 0;
			defaultConfigurationName = Release;
		};
		B45712022F199D60000EF355 /* Build configuration list for PBXNativeTarget "KB_TrackerUITests" */ = {
			isa = XCConfigurationList;
			buildConfigurations = (
				B45712032F199D60000EF355 /* Debug */,
				B45712042F199D60000EF355 /* Release */,
			);
			defaultConfigurationIsVisible = 0;
			defaultConfigurationName = Release;
		};
		CA00009F2F199D60000EF311 /* Build configuration list for PBXNativeTarget "KB_TrackerWidget" */ = {
			isa = XCConfigurationList;
			buildConfigurations = (
				CA00007F2F199D60000EF311 /* Debug */,
				CA00008F2F199D60000EF311 /* Release */,
			);
			defaultConfigurationIsVisible = 0;
			defaultConfigurationName = Release;
		};
/* End XCConfigurationList section */
	};
	rootObject = B45711D12F199D5E000EF355 /* Project object */;
}
